
Microsoft Visual Studio Solution File, Format Version 12.00
# Visual Studio Version 17
VisualStudioVersion = 17.2.32616.157
MinimumVisualStudioVersion = 10.0.40219.1
Project("{2150E333-8FDC-42A3-9474-1A3956D46DE8}") = "02-Exercices", "02-Exercices", "{4960CE8D-BF55-4D6A-96D6-716CC6DF8975}"
EndProject
Project("{2150E333-8FDC-42A3-9474-1A3956D46DE8}") = "Formation_C_Sharp", "Formation_C_Sharp", "{2EE01947-02F8-49F9-8790-4F33EC874CDB}"
EndProject
Project("{2150E333-8FDC-42A3-9474-1A3956D46DE8}") = "SupportDeCours", "SupportDeCours", "{E44DA482-3C77-40EC-B58F-E02A80FFA39F}"
	ProjectSection(SolutionItems) = preProject
		..\..\..\..\Anthony\PRF2022LILLE\FrameworkNET\00-SupportCours\Introduction_Framework_DotNet.pdf = ..\..\..\..\Anthony\PRF2022LILLE\FrameworkNET\00-SupportCours\Introduction_Framework_DotNet.pdf
	EndProjectSection
EndProject
Project("{9A19103F-16F7-4668-BE54-9A1E7A4F7556}") = "03-InstructionsEtBoucles", "Formation_C_Sharp\01-Cours\03-InstructionsEtBoucles\03-InstructionsEtBoucles.csproj", "{6F8A7CB4-DCA4-4BFE-9E9D-A6A8073058AC}"
EndProject
Project("{9A19103F-16F7-4668-BE54-9A1E7A4F7556}") = "02-LesTypesVariables", "Formation_C_Sharp\01-Cours\02-LesTypesVariables\02-LesTypesVariables.csproj", "{5CEFF0FA-5E47-4E9B-BD5B-3D7815B30F58}"
EndProject
Project("{9A19103F-16F7-4668-BE54-9A1E7A4F7556}") = "01-LaConsole", "Formation_C_Sharp\01-Cours\01-LaConsole\01-LaConsole.csproj", "{EDDC18C4-FA46-490D-A7AB-37118F2E3CE8}"
EndProject
Project("{2150E333-8FDC-42A3-9474-1A3956D46DE8}") = "01-Cours", "01-Cours", "{2FD1FCA0-509D-42EF-970C-C77ECFDB6ED3}"
EndProject
Project("{9A19103F-16F7-4668-BE54-9A1E7A4F7556}") = "Ex11", "Formation_C_Sharp\02-Exercices\Ex11\Ex11.csproj", "{D66EB3A3-2E01-4831-A65D-48EA010A28F0}"
EndProject
Project("{9A19103F-16F7-4668-BE54-9A1E7A4F7556}") = "Ex01", "Formation_C_Sharp\02-Exercices\Ex01\Ex01.csproj", "{B0E2EFFA-1EA1-497F-B863-165B19B08274}"
EndProject
Project("{9A19103F-16F7-4668-BE54-9A1E7A4F7556}") = "Ex0234", "Formation_C_Sharp\02-Exercices\Ex0234\Ex0234.csproj", "{B42EF6BE-BB76-4B5F-951E-B89025FB7DF2}"
EndProject
Project("{9A19103F-16F7-4668-BE54-9A1E7A4F7556}") = "Ex05", "Formation_C_Sharp\02-Exercices\Ex05\Ex05.csproj", "{CFF74466-CE57-438B-AE70-62B6EED06178}"
EndProject
Project("{9A19103F-16F7-4668-BE54-9A1E7A4F7556}") = "Ex06", "Formation_C_Sharp\02-Exercices\Ex06\Ex06.csproj", "{AAB1E019-FB46-43FB-B3B3-7E5D72D12AA4}"
EndProject
Project("{9A19103F-16F7-4668-BE54-9A1E7A4F7556}") = "Ex07", "Formation_C_Sharp\02-Exercices\Ex07\Ex07.csproj", "{FA1DC613-7ACE-46AD-9576-C6BC0460C8B0}"
EndProject
Project("{9A19103F-16F7-4668-BE54-9A1E7A4F7556}") = "Ex08", "Formation_C_Sharp\02-Exercices\Ex08\Ex08.csproj", "{4A0EA8FF-8070-47C4-BEFE-A86E68DD5700}"
EndProject
Project("{9A19103F-16F7-4668-BE54-9A1E7A4F7556}") = "Ex09", "Formation_C_Sharp\02-Exercices\Ex09\Ex09.csproj", "{22BE3B4C-803E-415D-8A71-820E61F33415}"
EndProject
Project("{9A19103F-16F7-4668-BE54-9A1E7A4F7556}") = "Ex10", "Formation_C_Sharp\02-Exercices\Ex10\Ex10.csproj", "{386C533E-D35B-4C40-9597-C552F67C168D}"
EndProject
Project("{9A19103F-16F7-4668-BE54-9A1E7A4F7556}") = "Ex12", "Formation_C_Sharp\02-Exercices\Ex12\Ex12.csproj", "{219F1B8E-1787-45D5-85C3-CBB39BAEE659}"
EndProject
Project("{9A19103F-16F7-4668-BE54-9A1E7A4F7556}") = "Ex13", "Formation_C_Sharp\02-Exercices\Ex13\Ex13.csproj", "{51FAAE03-AD42-4D62-B256-1C15CF8E155F}"
EndProject
Project("{9A19103F-16F7-4668-BE54-9A1E7A4F7556}") = "EX14", "Formation_C_Sharp\02-Exercices\EX14\EX14.csproj", "{FB912AAB-1264-4601-8B11-5A06F79C7EF2}"
EndProject
Project("{9A19103F-16F7-4668-BE54-9A1E7A4F7556}") = "Ex15", "Formation_C_Sharp\02-Exercices\Ex15\Ex15.csproj", "{F838FBCF-A9EB-42D6-A541-9D05CD3206A5}"
EndProject
Project("{9A19103F-16F7-4668-BE54-9A1E7A4F7556}") = "Ex16", "Formation_C_Sharp\02-Exercices\Ex16\Ex16.csproj", "{8FDB3E05-6906-4B1A-A32C-79777642FD40}"
EndProject
Project("{9A19103F-16F7-4668-BE54-9A1E7A4F7556}") = "Ex17", "Formation_C_Sharp\02-Exercices\Ex17\Ex17.csproj", "{57E7E6E1-512A-43F9-9141-F3F296EC52F0}"
EndProject
Project("{9A19103F-16F7-4668-BE54-9A1E7A4F7556}") = "Ex18", "Formation_C_Sharp\02-Exercices\Ex18\Ex18.csproj", "{9A318BB4-55B3-4702-9F65-0C4FE7438962}"
EndProject
Project("{9A19103F-16F7-4668-BE54-9A1E7A4F7556}") = "ex19", "Formation_C_Sharp\02-Exercices\ex19\ex19.csproj", "{CBAC8FFB-DD90-4B75-9614-6747283C2D86}"
EndProject
Project("{9A19103F-16F7-4668-BE54-9A1E7A4F7556}") = "Ex20", "Formation_C_Sharp\02-Exercices\Ex20\Ex20.csproj", "{41F7DD3B-636D-49E1-9A8E-0B9009F4E161}"
EndProject
Project("{9A19103F-16F7-4668-BE54-9A1E7A4F7556}") = "Ex21", "Formation_C_Sharp\02-Exercices\Ex21\Ex21.csproj", "{B2AD0243-605C-4D1D-BDB5-CA4FFDE568F7}"
EndProject
Project("{9A19103F-16F7-4668-BE54-9A1E7A4F7556}") = "Ex22", "Formation_C_Sharp\02-Exercices\Ex22\Ex22.csproj", "{3E3933C1-4EE8-4903-A1F0-E663FD89077B}"
EndProject
Project("{9A19103F-16F7-4668-BE54-9A1E7A4F7556}") = "Ex23", "Formation_C_Sharp\02-Exercices\Ex23\Ex23.csproj", "{2108142B-863F-4B89-B5BF-A1C690DC2CAB}"
EndProject
Project("{9A19103F-16F7-4668-BE54-9A1E7A4F7556}") = "Ex24", "Formation_C_Sharp\02-Exercices\Ex24\Ex24.csproj", "{351BB7DF-649E-4972-9E42-FF491763B817}"
EndProject
Project("{9A19103F-16F7-4668-BE54-9A1E7A4F7556}") = "Ex25", "Formation_C_Sharp\02-Exercices\Ex25\Ex25.csproj", "{0409932A-0B85-4DBB-8C66-7DD202EEA107}"
EndProject
Project("{9A19103F-16F7-4668-BE54-9A1E7A4F7556}") = "Ex26", "Formation_C_Sharp\02-Exercices\Ex26\Ex26.csproj", "{76B7955E-672D-49BE-B7BD-26C1D84FFBE2}"
EndProject
Project("{9A19103F-16F7-4668-BE54-9A1E7A4F7556}") = "Ex27", "Formation_C_Sharp\02-Exercices\Ex27\Ex27.csproj", "{7B3611D4-E0B6-4452-99BF-45196BE968C8}"
EndProject
Project("{9A19103F-16F7-4668-BE54-9A1E7A4F7556}") = "Ex28", "Formation_C_Sharp\02-Exercices\Ex28\Ex28.csproj", "{C239B9FF-C016-4FF0-959D-89F1D3FC18F2}"
EndProject
Project("{9A19103F-16F7-4668-BE54-9A1E7A4F7556}") = "Ex29", "Formation_C_Sharp\02-Exercices\Ex29\Ex29.csproj", "{A213B51E-9DBF-4DCB-8646-B795E923679B}"
EndProject
Project("{9A19103F-16F7-4668-BE54-9A1E7A4F7556}") = "Ex30", "Formation_C_Sharp\02-Exercices\Ex30\Ex30.csproj", "{6B491E78-31F0-449F-B90A-7102773E43D9}"
EndProject
Project("{9A19103F-16F7-4668-BE54-9A1E7A4F7556}") = "Ex31", "Formation_C_Sharp\02-Exercices\Ex31\Ex31.csproj", "{C96253BF-6E3F-416C-AB13-1144D2769243}"
EndProject
Project("{9A19103F-16F7-4668-BE54-9A1E7A4F7556}") = "Ex32", "Formation_C_Sharp\02-Exercices\Ex32\Ex32.csproj", "{97F096E2-EE19-43FB-8E50-E08107151765}"
EndProject
Project("{9A19103F-16F7-4668-BE54-9A1E7A4F7556}") = "Ex33", "Formation_C_Sharp\02-Exercices\Ex33\Ex33.csproj", "{9FF1A1D8-FA2A-4A2E-BBB7-1A9DFD0DB1F9}"
EndProject
Project("{9A19103F-16F7-4668-BE54-9A1E7A4F7556}") = "Ex34", "Formation_C_Sharp\02-Exercices\Ex34\Ex34.csproj", "{CAC7369C-B008-405C-8097-13A3034ACB8E}"
EndProject
Project("{9A19103F-16F7-4668-BE54-9A1E7A4F7556}") = "Ex35", "Formation_C_Sharp\02-Exercices\Ex35\Ex35.csproj", "{F8E6FBC3-2EA0-4512-9B4B-7E8F309271EC}"
EndProject
Project("{9A19103F-16F7-4668-BE54-9A1E7A4F7556}") = "Ex36", "Formation_C_Sharp\02-Exercices\Ex36\Ex36.csproj", "{872A4DDB-659A-47DB-8774-C72626C85627}"
EndProject
Project("{9A19103F-16F7-4668-BE54-9A1E7A4F7556}") = "Ex37", "Formation_C_Sharp\02-Exercices\Ex37\Ex37.csproj", "{47F95A43-B464-4659-8CA5-DD4F5DCE89CE}"
EndProject
Project("{9A19103F-16F7-4668-BE54-9A1E7A4F7556}") = "Ex38", "Formation_C_Sharp\02-Exercices\Ex38\Ex38.csproj", "{A631E936-A842-4260-BDAB-F55893CFE3A2}"
EndProject
Project("{9A19103F-16F7-4668-BE54-9A1E7A4F7556}") = "Ex39", "Formation_C_Sharp\02-Exercices\Ex39\Ex39.csproj", "{0180F251-5476-487E-8127-AF0213281539}"
EndProject
Project("{2150E333-8FDC-42A3-9474-1A3956D46DE8}") = "Formation PO", "Formation PO", "{64BA46CA-FD5F-408D-9872-E87C37072ACD}"
EndProject
Project("{2150E333-8FDC-42A3-9474-1A3956D46DE8}") = "01-Cours", "01-Cours", "{6C06E3C3-B67E-416E-BF6A-F6FB9AE54733}"
EndProject
Project("{2150E333-8FDC-42A3-9474-1A3956D46DE8}") = "02-Exercices", "02-Exercices", "{F19DD50E-CE12-4680-96C7-FCE1DAA35CE2}"
EndProject
Project("{9A19103F-16F7-4668-BE54-9A1E7A4F7556}") = "IntroductionPOO", "Formation PO\01-Cours\IntroductionPOO\IntroductionPOO.csproj", "{D287EC74-5ED3-43A8-805A-25D033843C4B}"
EndProject
Project("{9A19103F-16F7-4668-BE54-9A1E7A4F7556}") = "Ex1-Chaises", "Formation PO\02-Exercices\Ex1-Chaises\Ex1-Chaises.csproj", "{715B976D-E8DB-4D73-8527-F886926AFF17}"
EndProject
Project("{9A19103F-16F7-4668-BE54-9A1E7A4F7556}") = "Ex2-LePendu", "Formation PO\02-Exercices\Ex2-LePendu\Ex2-LePendu\Ex2-LePendu.csproj", "{F13C089D-7A38-4C9E-8631-9836F325DEC4}"
EndProject
Project("{9A19103F-16F7-4668-BE54-9A1E7A4F7556}") = "Ex3-Salaires", "Formation PO\02-Exercices\Ex3-Salaires\Ex3-Salaires\Ex3-Salaires.csproj", "{BCB66948-FE3E-4B54-9FDE-B94C101ECE4E}"
EndProject
Project("{9A19103F-16F7-4668-BE54-9A1E7A4F7556}") = "Loto", "Formation_C_Sharp\03-Loto\Loto\Loto.csproj", "{726D5B42-4090-4C37-A8D1-921259B8AF0D}"
EndProject
Project("{9A19103F-16F7-4668-BE54-9A1E7A4F7556}") = "LesEnums", "Formation PO\01-Cours\LesEnums\LesEnums\LesEnums.csproj", "{BAFA2CC5-A8F6-44B6-B385-DC0A9B38DDA5}"
EndProject
Project("{9A19103F-16F7-4668-BE54-9A1E7A4F7556}") = "LesRegex", "Formation PO\01-Cours\Regex\LesRegex\LesRegex.csproj", "{A16DBDC6-E2CF-4094-B0DD-0F1F503261E8}"
EndProject
Project("{9A19103F-16F7-4668-BE54-9A1E7A4F7556}") = "ExtensionsDeMethodes", "Formation PO\01-Cours\ExtensionsMethodes\ExtensionsDeMethodes\ExtensionsDeMethodes.csproj", "{86D60E39-6619-4F07-BB25-B3691D0EEB86}"
EndProject
Project("{9A19103F-16F7-4668-BE54-9A1E7A4F7556}") = "LesGeneriques", "Formation PO\01-Cours\LesGeneriques\LesGeneriques\LesGeneriques.csproj", "{CDE6B051-BF12-4BA1-AB3C-F5AC18FAF0D8}"
EndProject
Project("{9A19103F-16F7-4668-BE54-9A1E7A4F7556}") = "LesTuples", "Formation PO\01-Cours\LesTuples\LesTuples\LesTuples.csproj", "{5DD4FD9D-D647-4E0C-AB18-52BD60C5444C}"
EndProject
Project("{9A19103F-16F7-4668-BE54-9A1E7A4F7556}") = "LesExceptions", "Formation PO\01-Cours\LesExceptions\LesExceptions\LesExceptions.csproj", "{03120647-0D10-4DF3-B4E8-8AD43EDB37D4}"
EndProject
Project("{9A19103F-16F7-4668-BE54-9A1E7A4F7556}") = "Ex4-Annuaire", "Formation PO\02-Exercices\Ex4-Annuaire\Ex4-Annuaire.csproj", "{376DE42D-A1B1-4C76-B9D4-DD3537A32733}"
EndProject
Project("{9A19103F-16F7-4668-BE54-9A1E7A4F7556}") = "Ex5-TpBanque", "Formation PO\02-Exercices\Ex5-Banque\Ex5-TpBanque\Ex5-TpBanque.csproj", "{E3D10A1A-F70B-4CD1-BA7A-AF82D6E72440}"
EndProject
Project("{9A19103F-16F7-4668-BE54-9A1E7A4F7556}") = "JsonSerializeDeserialize", "Formation PO\01-Cours\JsonSerializeDeserialize\JsonSerializeDeserialize.csproj", "{39B293F5-C45A-4347-9CFC-61DC1EFA4FD9}"
EndProject
Project("{9A19103F-16F7-4668-BE54-9A1E7A4F7556}") = "LesInterfaces", "Formation PO\01-Cours\LesInterfaces\LesInterfaces\LesInterfaces.csproj", "{3DB9EAE6-A80D-44B0-B2E5-D4192AF6981C}"
EndProject
Project("{9A19103F-16F7-4668-BE54-9A1E7A4F7556}") = "Ex6-InterfacesAnimaux", "Formation PO\02-Exercices\Ex6-InterfaceAnimaux\Ex6-InterfacesAnimaux\Ex6-InterfacesAnimaux.csproj", "{6902D508-2C14-4752-BEFA-E2B796093628}"
EndProject
Project("{2150E333-8FDC-42A3-9474-1A3956D46DE8}") = "FormationSQL", "FormationSQL", "{49C41B19-EB9B-4D4A-802C-291963DE7016}"
	ProjectSection(SolutionItems) = preProject
		FormationSQL\SQLinfos.txt = FormationSQL\SQLinfos.txt
	EndProjectSection
EndProject
Project("{2150E333-8FDC-42A3-9474-1A3956D46DE8}") = "01-SELECT", "01-SELECT", "{721D06BD-9C53-4C93-87B7-9BABEB15A717}"
	ProjectSection(SolutionItems) = preProject
		FormationSQL\01-Alias.sql = FormationSQL\01-Alias.sql
		FormationSQL\01-INSERT_INTO.sql = FormationSQL\01-INSERT_INTO.sql
		02-SELECT_COLUMN.sql = 02-SELECT_COLUMN.sql
		03-SELECT_CONVERT.sql = 03-SELECT_CONVERT.sql
		04-SELECT_DISTINCT.sql = 04-SELECT_DISTINCT.sql
		05-SELECT_WHERE.sql = 05-SELECT_WHERE.sql
		06-SELECT_AND_OR_LIKE.sql = 06-SELECT_AND_OR_LIKE.sql
		07-SELECT_WHERE_IN.sql = 07-SELECT_WHERE_IN.sql
		08-SELECT_BETWEEN.sql = 08-SELECT_BETWEEN.sql
		09-SELECT_ORDER_BY.sql = 09-SELECT_ORDER_BY.sql
		10-SELECT_GROUP_BY.sql = 10-SELECT_GROUP_BY.sql
	EndProjectSection
EndProject
Project("{2150E333-8FDC-42A3-9474-1A3956D46DE8}") = "01-Cours", "01-Cours", "{88EB449E-8295-4BCB-ADA3-2AE540D95D75}"
EndProject
Project("{2150E333-8FDC-42A3-9474-1A3956D46DE8}") = "02-Exercices", "02-Exercices", "{76A0812A-619F-4670-87DC-8A26B2ECF586}"
	ProjectSection(SolutionItems) = preProject
		Ajouts.sql = Ajouts.sql
		CreationTable.sql = CreationTable.sql
		RechercheParEmail.sql = RechercheParEmail.sql
		TriageParNom.sql = TriageParNom.sql
		TriageParTitre.sql = TriageParTitre.sql
	EndProjectSection
EndProject
Project("{2150E333-8FDC-42A3-9474-1A3956D46DE8}") = "Ex01-Contacts", "Ex01-Contacts", "{D4E977C8-C3F8-4B7C-9F7F-DFDD91FC9337}"
	ProjectSection(SolutionItems) = preProject
		Ajouts.sql = Ajouts.sql
		CreationTable.sql = CreationTable.sql
		RechercheParEmail.sql = RechercheParEmail.sql
		TriageParNom.sql = TriageParNom.sql
		TriageParTitre.sql = TriageParTitre.sql
	EndProjectSection
EndProject
Project("{2150E333-8FDC-42A3-9474-1A3956D46DE8}") = "Ex02-Livres", "Ex02-Livres", "{F690A27E-0648-47E3-A916-4FD245AE7202}"
	ProjectSection(SolutionItems) = preProject
		Creation.sql = Creation.sql
		Injections.sql = Injections.sql
		Reponse1.sql = Reponse1.sql
		Reponse2.sql = Reponse2.sql
		Reponse3.sql = Reponse3.sql
		Reponse4.sql = Reponse4.sql
		Reponse5.sql = Reponse5.sql
		Reponse6.sql = Reponse6.sql
		Reponse7.sql = Reponse7.sql
		Reponse8.sql = Reponse8.sql
		Reponse9.sql = Reponse9.sql
	EndProjectSection
EndProject
Project("{2150E333-8FDC-42A3-9474-1A3956D46DE8}") = "FormationAdoNET", "FormationAdoNET", "{FD75DAB4-9D47-49BD-A431-BF147A2F290A}"
EndProject
Project("{2150E333-8FDC-42A3-9474-1A3956D46DE8}") = "01-Cours", "01-Cours", "{252C0940-1261-454D-BA16-957A032FD1DF}"
EndProject
Project("{2150E333-8FDC-42A3-9474-1A3956D46DE8}") = "02-Exercices", "02-Exercices", "{F17F7AAF-389F-410A-B91C-E81A46855B7B}"
EndProject
Project("{9A19103F-16F7-4668-BE54-9A1E7A4F7556}") = "CoursAdoNET", "Formation AdoNet\CoursAdoNET\CoursAdoNET.csproj", "{35C0FB41-4930-480B-B020-9B856AE824CF}"
EndProject
Project("{9A19103F-16F7-4668-BE54-9A1E7A4F7556}") = "Exercice01ListContactAdoNet", "Formation AdoNet\Exercices\Exercice01ListContactAdoNet\Exercice01ListContactAdoNet.csproj", "{D3541778-C104-4716-9A8E-27D9CD152DED}"
EndProject
Project("{9A19103F-16F7-4668-BE54-9A1E7A4F7556}") = "Exercice2Banque", "Formation AdoNet\Exercices\Exercice02Banque\Exercice2Banque\Exercice2Banque.csproj", "{10911428-5126-4423-88CD-93C6ACB666FB}"
EndProject
Project("{9A19103F-16F7-4668-BE54-9A1E7A4F7556}") = "Euromillion", "Formation_C_Sharp\04-Euromillion\Euromillion\Euromillion.csproj", "{B824E3A8-9680-4741-AB67-E0211F69FBC9}"
EndProject
Project("{2150E333-8FDC-42A3-9474-1A3956D46DE8}") = "FormationWPF", "FormationWPF", "{59807470-D7AB-4C11-9A4F-7A71E33817CC}"
EndProject
Project("{2150E333-8FDC-42A3-9474-1A3956D46DE8}") = "Cours", "Cours", "{1B502808-8660-4343-B793-8479E66C1F31}"
EndProject
Project("{2150E333-8FDC-42A3-9474-1A3956D46DE8}") = "Exercices", "Exercices", "{93CAE306-33F5-482F-BE26-CB093EE3B4B2}"
EndProject
Project("{FAE04EC0-301F-11D3-BF4B-00C04F79EFBC}") = "CoursWPF", "FormationWPF\Cours\CoursWPF\CoursWPF.csproj", "{F299ABDE-9035-4AED-B859-401514CD1E65}"
EndProject
Project("{FAE04EC0-301F-11D3-BF4B-00C04F79EFBC}") = "Tp-IHM-AnnuaireWPF", "FormationWPF\Exercices\Tp-IHM-AnnuaireWPF\Tp-IHM-AnnuaireWPF.csproj", "{0CD2E45A-B2E5-4B60-9E7C-85B3CF40A40A}"
EndProject
Project("{9A19103F-16F7-4668-BE54-9A1E7A4F7556}") = "TpListContactIhmAdoNET", "Formation AdoNet\Exercices\TpListContactAdoNET\TpListContactIhmAdoNET\TpListContactIhmAdoNET.csproj", "{27CC8F83-6285-445A-9BAF-DDBBD6826035}"
EndProject
Project("{9A19103F-16F7-4668-BE54-9A1E7A4F7556}") = "TpListContactClassAdoNET", "Formation AdoNet\Exercices\TpListContactAdoNET\TpListContactClassAdoNET\TpListContactClassAdoNET.csproj", "{568DC9D0-D3DB-4807-A3FF-665DEC050EF0}"
EndProject
Global
	GlobalSection(SolutionConfigurationPlatforms) = preSolution
		Debug|Any CPU = Debug|Any CPU
		Release|Any CPU = Release|Any CPU
	EndGlobalSection
	GlobalSection(ProjectConfigurationPlatforms) = postSolution
		{6F8A7CB4-DCA4-4BFE-9E9D-A6A8073058AC}.Debug|Any CPU.ActiveCfg = Debug|Any CPU
		{6F8A7CB4-DCA4-4BFE-9E9D-A6A8073058AC}.Debug|Any CPU.Build.0 = Debug|Any CPU
		{6F8A7CB4-DCA4-4BFE-9E9D-A6A8073058AC}.Release|Any CPU.ActiveCfg = Release|Any CPU
		{6F8A7CB4-DCA4-4BFE-9E9D-A6A8073058AC}.Release|Any CPU.Build.0 = Release|Any CPU
		{5CEFF0FA-5E47-4E9B-BD5B-3D7815B30F58}.Debug|Any CPU.ActiveCfg = Debug|Any CPU
		{5CEFF0FA-5E47-4E9B-BD5B-3D7815B30F58}.Debug|Any CPU.Build.0 = Debug|Any CPU
		{5CEFF0FA-5E47-4E9B-BD5B-3D7815B30F58}.Release|Any CPU.ActiveCfg = Release|Any CPU
		{5CEFF0FA-5E47-4E9B-BD5B-3D7815B30F58}.Release|Any CPU.Build.0 = Release|Any CPU
		{EDDC18C4-FA46-490D-A7AB-37118F2E3CE8}.Debug|Any CPU.ActiveCfg = Debug|Any CPU
		{EDDC18C4-FA46-490D-A7AB-37118F2E3CE8}.Debug|Any CPU.Build.0 = Debug|Any CPU
		{EDDC18C4-FA46-490D-A7AB-37118F2E3CE8}.Release|Any CPU.ActiveCfg = Release|Any CPU
		{EDDC18C4-FA46-490D-A7AB-37118F2E3CE8}.Release|Any CPU.Build.0 = Release|Any CPU
		{D66EB3A3-2E01-4831-A65D-48EA010A28F0}.Debug|Any CPU.ActiveCfg = Debug|Any CPU
		{D66EB3A3-2E01-4831-A65D-48EA010A28F0}.Debug|Any CPU.Build.0 = Debug|Any CPU
		{D66EB3A3-2E01-4831-A65D-48EA010A28F0}.Release|Any CPU.ActiveCfg = Release|Any CPU
		{D66EB3A3-2E01-4831-A65D-48EA010A28F0}.Release|Any CPU.Build.0 = Release|Any CPU
		{B0E2EFFA-1EA1-497F-B863-165B19B08274}.Debug|Any CPU.ActiveCfg = Debug|Any CPU
		{B0E2EFFA-1EA1-497F-B863-165B19B08274}.Debug|Any CPU.Build.0 = Debug|Any CPU
		{B0E2EFFA-1EA1-497F-B863-165B19B08274}.Release|Any CPU.ActiveCfg = Release|Any CPU
		{B0E2EFFA-1EA1-497F-B863-165B19B08274}.Release|Any CPU.Build.0 = Release|Any CPU
		{B42EF6BE-BB76-4B5F-951E-B89025FB7DF2}.Debug|Any CPU.ActiveCfg = Debug|Any CPU
		{B42EF6BE-BB76-4B5F-951E-B89025FB7DF2}.Debug|Any CPU.Build.0 = Debug|Any CPU
		{B42EF6BE-BB76-4B5F-951E-B89025FB7DF2}.Release|Any CPU.ActiveCfg = Release|Any CPU
		{B42EF6BE-BB76-4B5F-951E-B89025FB7DF2}.Release|Any CPU.Build.0 = Release|Any CPU
		{CFF74466-CE57-438B-AE70-62B6EED06178}.Debug|Any CPU.ActiveCfg = Debug|Any CPU
		{CFF74466-CE57-438B-AE70-62B6EED06178}.Debug|Any CPU.Build.0 = Debug|Any CPU
		{CFF74466-CE57-438B-AE70-62B6EED06178}.Release|Any CPU.ActiveCfg = Release|Any CPU
		{CFF74466-CE57-438B-AE70-62B6EED06178}.Release|Any CPU.Build.0 = Release|Any CPU
		{AAB1E019-FB46-43FB-B3B3-7E5D72D12AA4}.Debug|Any CPU.ActiveCfg = Debug|Any CPU
		{AAB1E019-FB46-43FB-B3B3-7E5D72D12AA4}.Debug|Any CPU.Build.0 = Debug|Any CPU
		{AAB1E019-FB46-43FB-B3B3-7E5D72D12AA4}.Release|Any CPU.ActiveCfg = Release|Any CPU
		{AAB1E019-FB46-43FB-B3B3-7E5D72D12AA4}.Release|Any CPU.Build.0 = Release|Any CPU
		{FA1DC613-7ACE-46AD-9576-C6BC0460C8B0}.Debug|Any CPU.ActiveCfg = Debug|Any CPU
		{FA1DC613-7ACE-46AD-9576-C6BC0460C8B0}.Debug|Any CPU.Build.0 = Debug|Any CPU
		{FA1DC613-7ACE-46AD-9576-C6BC0460C8B0}.Release|Any CPU.ActiveCfg = Release|Any CPU
		{FA1DC613-7ACE-46AD-9576-C6BC0460C8B0}.Release|Any CPU.Build.0 = Release|Any CPU
		{4A0EA8FF-8070-47C4-BEFE-A86E68DD5700}.Debug|Any CPU.ActiveCfg = Debug|Any CPU
		{4A0EA8FF-8070-47C4-BEFE-A86E68DD5700}.Debug|Any CPU.Build.0 = Debug|Any CPU
		{4A0EA8FF-8070-47C4-BEFE-A86E68DD5700}.Release|Any CPU.ActiveCfg = Release|Any CPU
		{4A0EA8FF-8070-47C4-BEFE-A86E68DD5700}.Release|Any CPU.Build.0 = Release|Any CPU
		{22BE3B4C-803E-415D-8A71-820E61F33415}.Debug|Any CPU.ActiveCfg = Debug|Any CPU
		{22BE3B4C-803E-415D-8A71-820E61F33415}.Debug|Any CPU.Build.0 = Debug|Any CPU
		{22BE3B4C-803E-415D-8A71-820E61F33415}.Release|Any CPU.ActiveCfg = Release|Any CPU
		{22BE3B4C-803E-415D-8A71-820E61F33415}.Release|Any CPU.Build.0 = Release|Any CPU
		{386C533E-D35B-4C40-9597-C552F67C168D}.Debug|Any CPU.ActiveCfg = Debug|Any CPU
		{386C533E-D35B-4C40-9597-C552F67C168D}.Debug|Any CPU.Build.0 = Debug|Any CPU
		{386C533E-D35B-4C40-9597-C552F67C168D}.Release|Any CPU.ActiveCfg = Release|Any CPU
		{386C533E-D35B-4C40-9597-C552F67C168D}.Release|Any CPU.Build.0 = Release|Any CPU
		{219F1B8E-1787-45D5-85C3-CBB39BAEE659}.Debug|Any CPU.ActiveCfg = Debug|Any CPU
		{219F1B8E-1787-45D5-85C3-CBB39BAEE659}.Debug|Any CPU.Build.0 = Debug|Any CPU
		{219F1B8E-1787-45D5-85C3-CBB39BAEE659}.Release|Any CPU.ActiveCfg = Release|Any CPU
		{219F1B8E-1787-45D5-85C3-CBB39BAEE659}.Release|Any CPU.Build.0 = Release|Any CPU
		{51FAAE03-AD42-4D62-B256-1C15CF8E155F}.Debug|Any CPU.ActiveCfg = Debug|Any CPU
		{51FAAE03-AD42-4D62-B256-1C15CF8E155F}.Debug|Any CPU.Build.0 = Debug|Any CPU
		{51FAAE03-AD42-4D62-B256-1C15CF8E155F}.Release|Any CPU.ActiveCfg = Release|Any CPU
		{51FAAE03-AD42-4D62-B256-1C15CF8E155F}.Release|Any CPU.Build.0 = Release|Any CPU
		{FB912AAB-1264-4601-8B11-5A06F79C7EF2}.Debug|Any CPU.ActiveCfg = Debug|Any CPU
		{FB912AAB-1264-4601-8B11-5A06F79C7EF2}.Debug|Any CPU.Build.0 = Debug|Any CPU
		{FB912AAB-1264-4601-8B11-5A06F79C7EF2}.Release|Any CPU.ActiveCfg = Release|Any CPU
		{FB912AAB-1264-4601-8B11-5A06F79C7EF2}.Release|Any CPU.Build.0 = Release|Any CPU
		{F838FBCF-A9EB-42D6-A541-9D05CD3206A5}.Debug|Any CPU.ActiveCfg = Debug|Any CPU
		{F838FBCF-A9EB-42D6-A541-9D05CD3206A5}.Debug|Any CPU.Build.0 = Debug|Any CPU
		{F838FBCF-A9EB-42D6-A541-9D05CD3206A5}.Release|Any CPU.ActiveCfg = Release|Any CPU
		{F838FBCF-A9EB-42D6-A541-9D05CD3206A5}.Release|Any CPU.Build.0 = Release|Any CPU
		{8FDB3E05-6906-4B1A-A32C-79777642FD40}.Debug|Any CPU.ActiveCfg = Debug|Any CPU
		{8FDB3E05-6906-4B1A-A32C-79777642FD40}.Debug|Any CPU.Build.0 = Debug|Any CPU
		{8FDB3E05-6906-4B1A-A32C-79777642FD40}.Release|Any CPU.ActiveCfg = Release|Any CPU
		{8FDB3E05-6906-4B1A-A32C-79777642FD40}.Release|Any CPU.Build.0 = Release|Any CPU
		{57E7E6E1-512A-43F9-9141-F3F296EC52F0}.Debug|Any CPU.ActiveCfg = Debug|Any CPU
		{57E7E6E1-512A-43F9-9141-F3F296EC52F0}.Debug|Any CPU.Build.0 = Debug|Any CPU
		{57E7E6E1-512A-43F9-9141-F3F296EC52F0}.Release|Any CPU.ActiveCfg = Release|Any CPU
		{57E7E6E1-512A-43F9-9141-F3F296EC52F0}.Release|Any CPU.Build.0 = Release|Any CPU
		{9A318BB4-55B3-4702-9F65-0C4FE7438962}.Debug|Any CPU.ActiveCfg = Debug|Any CPU
		{9A318BB4-55B3-4702-9F65-0C4FE7438962}.Debug|Any CPU.Build.0 = Debug|Any CPU
		{9A318BB4-55B3-4702-9F65-0C4FE7438962}.Release|Any CPU.ActiveCfg = Release|Any CPU
		{9A318BB4-55B3-4702-9F65-0C4FE7438962}.Release|Any CPU.Build.0 = Release|Any CPU
		{CBAC8FFB-DD90-4B75-9614-6747283C2D86}.Debug|Any CPU.ActiveCfg = Debug|Any CPU
		{CBAC8FFB-DD90-4B75-9614-6747283C2D86}.Debug|Any CPU.Build.0 = Debug|Any CPU
		{CBAC8FFB-DD90-4B75-9614-6747283C2D86}.Release|Any CPU.ActiveCfg = Release|Any CPU
		{CBAC8FFB-DD90-4B75-9614-6747283C2D86}.Release|Any CPU.Build.0 = Release|Any CPU
		{41F7DD3B-636D-49E1-9A8E-0B9009F4E161}.Debug|Any CPU.ActiveCfg = Debug|Any CPU
		{41F7DD3B-636D-49E1-9A8E-0B9009F4E161}.Debug|Any CPU.Build.0 = Debug|Any CPU
		{41F7DD3B-636D-49E1-9A8E-0B9009F4E161}.Release|Any CPU.ActiveCfg = Release|Any CPU
		{41F7DD3B-636D-49E1-9A8E-0B9009F4E161}.Release|Any CPU.Build.0 = Release|Any CPU
		{B2AD0243-605C-4D1D-BDB5-CA4FFDE568F7}.Debug|Any CPU.ActiveCfg = Debug|Any CPU
		{B2AD0243-605C-4D1D-BDB5-CA4FFDE568F7}.Debug|Any CPU.Build.0 = Debug|Any CPU
		{B2AD0243-605C-4D1D-BDB5-CA4FFDE568F7}.Release|Any CPU.ActiveCfg = Release|Any CPU
		{B2AD0243-605C-4D1D-BDB5-CA4FFDE568F7}.Release|Any CPU.Build.0 = Release|Any CPU
		{3E3933C1-4EE8-4903-A1F0-E663FD89077B}.Debug|Any CPU.ActiveCfg = Debug|Any CPU
		{3E3933C1-4EE8-4903-A1F0-E663FD89077B}.Debug|Any CPU.Build.0 = Debug|Any CPU
		{3E3933C1-4EE8-4903-A1F0-E663FD89077B}.Release|Any CPU.ActiveCfg = Release|Any CPU
		{3E3933C1-4EE8-4903-A1F0-E663FD89077B}.Release|Any CPU.Build.0 = Release|Any CPU
		{2108142B-863F-4B89-B5BF-A1C690DC2CAB}.Debug|Any CPU.ActiveCfg = Debug|Any CPU
		{2108142B-863F-4B89-B5BF-A1C690DC2CAB}.Debug|Any CPU.Build.0 = Debug|Any CPU
		{2108142B-863F-4B89-B5BF-A1C690DC2CAB}.Release|Any CPU.ActiveCfg = Release|Any CPU
		{2108142B-863F-4B89-B5BF-A1C690DC2CAB}.Release|Any CPU.Build.0 = Release|Any CPU
		{351BB7DF-649E-4972-9E42-FF491763B817}.Debug|Any CPU.ActiveCfg = Debug|Any CPU
		{351BB7DF-649E-4972-9E42-FF491763B817}.Debug|Any CPU.Build.0 = Debug|Any CPU
		{351BB7DF-649E-4972-9E42-FF491763B817}.Release|Any CPU.ActiveCfg = Release|Any CPU
		{351BB7DF-649E-4972-9E42-FF491763B817}.Release|Any CPU.Build.0 = Release|Any CPU
		{0409932A-0B85-4DBB-8C66-7DD202EEA107}.Debug|Any CPU.ActiveCfg = Debug|Any CPU
		{0409932A-0B85-4DBB-8C66-7DD202EEA107}.Debug|Any CPU.Build.0 = Debug|Any CPU
		{0409932A-0B85-4DBB-8C66-7DD202EEA107}.Release|Any CPU.ActiveCfg = Release|Any CPU
		{0409932A-0B85-4DBB-8C66-7DD202EEA107}.Release|Any CPU.Build.0 = Release|Any CPU
		{76B7955E-672D-49BE-B7BD-26C1D84FFBE2}.Debug|Any CPU.ActiveCfg = Debug|Any CPU
		{76B7955E-672D-49BE-B7BD-26C1D84FFBE2}.Debug|Any CPU.Build.0 = Debug|Any CPU
		{76B7955E-672D-49BE-B7BD-26C1D84FFBE2}.Release|Any CPU.ActiveCfg = Release|Any CPU
		{76B7955E-672D-49BE-B7BD-26C1D84FFBE2}.Release|Any CPU.Build.0 = Release|Any CPU
		{7B3611D4-E0B6-4452-99BF-45196BE968C8}.Debug|Any CPU.ActiveCfg = Debug|Any CPU
		{7B3611D4-E0B6-4452-99BF-45196BE968C8}.Debug|Any CPU.Build.0 = Debug|Any CPU
		{7B3611D4-E0B6-4452-99BF-45196BE968C8}.Release|Any CPU.ActiveCfg = Release|Any CPU
		{7B3611D4-E0B6-4452-99BF-45196BE968C8}.Release|Any CPU.Build.0 = Release|Any CPU
		{C239B9FF-C016-4FF0-959D-89F1D3FC18F2}.Debug|Any CPU.ActiveCfg = Debug|Any CPU
		{C239B9FF-C016-4FF0-959D-89F1D3FC18F2}.Debug|Any CPU.Build.0 = Debug|Any CPU
		{C239B9FF-C016-4FF0-959D-89F1D3FC18F2}.Release|Any CPU.ActiveCfg = Release|Any CPU
		{C239B9FF-C016-4FF0-959D-89F1D3FC18F2}.Release|Any CPU.Build.0 = Release|Any CPU
		{A213B51E-9DBF-4DCB-8646-B795E923679B}.Debug|Any CPU.ActiveCfg = Debug|Any CPU
		{A213B51E-9DBF-4DCB-8646-B795E923679B}.Debug|Any CPU.Build.0 = Debug|Any CPU
		{A213B51E-9DBF-4DCB-8646-B795E923679B}.Release|Any CPU.ActiveCfg = Release|Any CPU
		{A213B51E-9DBF-4DCB-8646-B795E923679B}.Release|Any CPU.Build.0 = Release|Any CPU
		{6B491E78-31F0-449F-B90A-7102773E43D9}.Debug|Any CPU.ActiveCfg = Debug|Any CPU
		{6B491E78-31F0-449F-B90A-7102773E43D9}.Debug|Any CPU.Build.0 = Debug|Any CPU
		{6B491E78-31F0-449F-B90A-7102773E43D9}.Release|Any CPU.ActiveCfg = Release|Any CPU
		{6B491E78-31F0-449F-B90A-7102773E43D9}.Release|Any CPU.Build.0 = Release|Any CPU
		{C96253BF-6E3F-416C-AB13-1144D2769243}.Debug|Any CPU.ActiveCfg = Debug|Any CPU
		{C96253BF-6E3F-416C-AB13-1144D2769243}.Debug|Any CPU.Build.0 = Debug|Any CPU
		{C96253BF-6E3F-416C-AB13-1144D2769243}.Release|Any CPU.ActiveCfg = Release|Any CPU
		{C96253BF-6E3F-416C-AB13-1144D2769243}.Release|Any CPU.Build.0 = Release|Any CPU
		{97F096E2-EE19-43FB-8E50-E08107151765}.Debug|Any CPU.ActiveCfg = Debug|Any CPU
		{97F096E2-EE19-43FB-8E50-E08107151765}.Debug|Any CPU.Build.0 = Debug|Any CPU
		{97F096E2-EE19-43FB-8E50-E08107151765}.Release|Any CPU.ActiveCfg = Release|Any CPU
		{97F096E2-EE19-43FB-8E50-E08107151765}.Release|Any CPU.Build.0 = Release|Any CPU
		{9FF1A1D8-FA2A-4A2E-BBB7-1A9DFD0DB1F9}.Debug|Any CPU.ActiveCfg = Debug|Any CPU
		{9FF1A1D8-FA2A-4A2E-BBB7-1A9DFD0DB1F9}.Debug|Any CPU.Build.0 = Debug|Any CPU
		{9FF1A1D8-FA2A-4A2E-BBB7-1A9DFD0DB1F9}.Release|Any CPU.ActiveCfg = Release|Any CPU
		{9FF1A1D8-FA2A-4A2E-BBB7-1A9DFD0DB1F9}.Release|Any CPU.Build.0 = Release|Any CPU
		{CAC7369C-B008-405C-8097-13A3034ACB8E}.Debug|Any CPU.ActiveCfg = Debug|Any CPU
		{CAC7369C-B008-405C-8097-13A3034ACB8E}.Debug|Any CPU.Build.0 = Debug|Any CPU
		{CAC7369C-B008-405C-8097-13A3034ACB8E}.Release|Any CPU.ActiveCfg = Release|Any CPU
		{CAC7369C-B008-405C-8097-13A3034ACB8E}.Release|Any CPU.Build.0 = Release|Any CPU
		{F8E6FBC3-2EA0-4512-9B4B-7E8F309271EC}.Debug|Any CPU.ActiveCfg = Debug|Any CPU
		{F8E6FBC3-2EA0-4512-9B4B-7E8F309271EC}.Debug|Any CPU.Build.0 = Debug|Any CPU
		{F8E6FBC3-2EA0-4512-9B4B-7E8F309271EC}.Release|Any CPU.ActiveCfg = Release|Any CPU
		{F8E6FBC3-2EA0-4512-9B4B-7E8F309271EC}.Release|Any CPU.Build.0 = Release|Any CPU
		{872A4DDB-659A-47DB-8774-C72626C85627}.Debug|Any CPU.ActiveCfg = Debug|Any CPU
		{872A4DDB-659A-47DB-8774-C72626C85627}.Debug|Any CPU.Build.0 = Debug|Any CPU
		{872A4DDB-659A-47DB-8774-C72626C85627}.Release|Any CPU.ActiveCfg = Release|Any CPU
		{872A4DDB-659A-47DB-8774-C72626C85627}.Release|Any CPU.Build.0 = Release|Any CPU
		{47F95A43-B464-4659-8CA5-DD4F5DCE89CE}.Debug|Any CPU.ActiveCfg = Debug|Any CPU
		{47F95A43-B464-4659-8CA5-DD4F5DCE89CE}.Debug|Any CPU.Build.0 = Debug|Any CPU
		{47F95A43-B464-4659-8CA5-DD4F5DCE89CE}.Release|Any CPU.ActiveCfg = Release|Any CPU
		{47F95A43-B464-4659-8CA5-DD4F5DCE89CE}.Release|Any CPU.Build.0 = Release|Any CPU
		{A631E936-A842-4260-BDAB-F55893CFE3A2}.Debug|Any CPU.ActiveCfg = Debug|Any CPU
		{A631E936-A842-4260-BDAB-F55893CFE3A2}.Debug|Any CPU.Build.0 = Debug|Any CPU
		{A631E936-A842-4260-BDAB-F55893CFE3A2}.Release|Any CPU.ActiveCfg = Release|Any CPU
		{A631E936-A842-4260-BDAB-F55893CFE3A2}.Release|Any CPU.Build.0 = Release|Any CPU
		{0180F251-5476-487E-8127-AF0213281539}.Debug|Any CPU.ActiveCfg = Debug|Any CPU
		{0180F251-5476-487E-8127-AF0213281539}.Debug|Any CPU.Build.0 = Debug|Any CPU
		{0180F251-5476-487E-8127-AF0213281539}.Release|Any CPU.ActiveCfg = Release|Any CPU
		{0180F251-5476-487E-8127-AF0213281539}.Release|Any CPU.Build.0 = Release|Any CPU
		{D287EC74-5ED3-43A8-805A-25D033843C4B}.Debug|Any CPU.ActiveCfg = Debug|Any CPU
		{D287EC74-5ED3-43A8-805A-25D033843C4B}.Debug|Any CPU.Build.0 = Debug|Any CPU
		{D287EC74-5ED3-43A8-805A-25D033843C4B}.Release|Any CPU.ActiveCfg = Release|Any CPU
		{D287EC74-5ED3-43A8-805A-25D033843C4B}.Release|Any CPU.Build.0 = Release|Any CPU
		{715B976D-E8DB-4D73-8527-F886926AFF17}.Debug|Any CPU.ActiveCfg = Debug|Any CPU
		{715B976D-E8DB-4D73-8527-F886926AFF17}.Debug|Any CPU.Build.0 = Debug|Any CPU
		{715B976D-E8DB-4D73-8527-F886926AFF17}.Release|Any CPU.ActiveCfg = Release|Any CPU
		{715B976D-E8DB-4D73-8527-F886926AFF17}.Release|Any CPU.Build.0 = Release|Any CPU
		{F13C089D-7A38-4C9E-8631-9836F325DEC4}.Debug|Any CPU.ActiveCfg = Debug|Any CPU
		{F13C089D-7A38-4C9E-8631-9836F325DEC4}.Debug|Any CPU.Build.0 = Debug|Any CPU
		{F13C089D-7A38-4C9E-8631-9836F325DEC4}.Release|Any CPU.ActiveCfg = Release|Any CPU
		{F13C089D-7A38-4C9E-8631-9836F325DEC4}.Release|Any CPU.Build.0 = Release|Any CPU
		{BCB66948-FE3E-4B54-9FDE-B94C101ECE4E}.Debug|Any CPU.ActiveCfg = Debug|Any CPU
		{BCB66948-FE3E-4B54-9FDE-B94C101ECE4E}.Debug|Any CPU.Build.0 = Debug|Any CPU
		{BCB66948-FE3E-4B54-9FDE-B94C101ECE4E}.Release|Any CPU.ActiveCfg = Release|Any CPU
		{BCB66948-FE3E-4B54-9FDE-B94C101ECE4E}.Release|Any CPU.Build.0 = Release|Any CPU
		{726D5B42-4090-4C37-A8D1-921259B8AF0D}.Debug|Any CPU.ActiveCfg = Debug|Any CPU
		{726D5B42-4090-4C37-A8D1-921259B8AF0D}.Debug|Any CPU.Build.0 = Debug|Any CPU
		{726D5B42-4090-4C37-A8D1-921259B8AF0D}.Release|Any CPU.ActiveCfg = Release|Any CPU
		{726D5B42-4090-4C37-A8D1-921259B8AF0D}.Release|Any CPU.Build.0 = Release|Any CPU
		{BAFA2CC5-A8F6-44B6-B385-DC0A9B38DDA5}.Debug|Any CPU.ActiveCfg = Debug|Any CPU
		{BAFA2CC5-A8F6-44B6-B385-DC0A9B38DDA5}.Debug|Any CPU.Build.0 = Debug|Any CPU
		{BAFA2CC5-A8F6-44B6-B385-DC0A9B38DDA5}.Release|Any CPU.ActiveCfg = Release|Any CPU
		{BAFA2CC5-A8F6-44B6-B385-DC0A9B38DDA5}.Release|Any CPU.Build.0 = Release|Any CPU
		{A16DBDC6-E2CF-4094-B0DD-0F1F503261E8}.Debug|Any CPU.ActiveCfg = Debug|Any CPU
		{A16DBDC6-E2CF-4094-B0DD-0F1F503261E8}.Debug|Any CPU.Build.0 = Debug|Any CPU
		{A16DBDC6-E2CF-4094-B0DD-0F1F503261E8}.Release|Any CPU.ActiveCfg = Release|Any CPU
		{A16DBDC6-E2CF-4094-B0DD-0F1F503261E8}.Release|Any CPU.Build.0 = Release|Any CPU
		{86D60E39-6619-4F07-BB25-B3691D0EEB86}.Debug|Any CPU.ActiveCfg = Debug|Any CPU
		{86D60E39-6619-4F07-BB25-B3691D0EEB86}.Debug|Any CPU.Build.0 = Debug|Any CPU
		{86D60E39-6619-4F07-BB25-B3691D0EEB86}.Release|Any CPU.ActiveCfg = Release|Any CPU
		{86D60E39-6619-4F07-BB25-B3691D0EEB86}.Release|Any CPU.Build.0 = Release|Any CPU
		{CDE6B051-BF12-4BA1-AB3C-F5AC18FAF0D8}.Debug|Any CPU.ActiveCfg = Debug|Any CPU
		{CDE6B051-BF12-4BA1-AB3C-F5AC18FAF0D8}.Debug|Any CPU.Build.0 = Debug|Any CPU
		{CDE6B051-BF12-4BA1-AB3C-F5AC18FAF0D8}.Release|Any CPU.ActiveCfg = Release|Any CPU
		{CDE6B051-BF12-4BA1-AB3C-F5AC18FAF0D8}.Release|Any CPU.Build.0 = Release|Any CPU
		{5DD4FD9D-D647-4E0C-AB18-52BD60C5444C}.Debug|Any CPU.ActiveCfg = Debug|Any CPU
		{5DD4FD9D-D647-4E0C-AB18-52BD60C5444C}.Debug|Any CPU.Build.0 = Debug|Any CPU
		{5DD4FD9D-D647-4E0C-AB18-52BD60C5444C}.Release|Any CPU.ActiveCfg = Release|Any CPU
		{5DD4FD9D-D647-4E0C-AB18-52BD60C5444C}.Release|Any CPU.Build.0 = Release|Any CPU
		{03120647-0D10-4DF3-B4E8-8AD43EDB37D4}.Debug|Any CPU.ActiveCfg = Debug|Any CPU
		{03120647-0D10-4DF3-B4E8-8AD43EDB37D4}.Debug|Any CPU.Build.0 = Debug|Any CPU
		{03120647-0D10-4DF3-B4E8-8AD43EDB37D4}.Release|Any CPU.ActiveCfg = Release|Any CPU
		{03120647-0D10-4DF3-B4E8-8AD43EDB37D4}.Release|Any CPU.Build.0 = Release|Any CPU
		{376DE42D-A1B1-4C76-B9D4-DD3537A32733}.Debug|Any CPU.ActiveCfg = Debug|Any CPU
		{376DE42D-A1B1-4C76-B9D4-DD3537A32733}.Debug|Any CPU.Build.0 = Debug|Any CPU
		{376DE42D-A1B1-4C76-B9D4-DD3537A32733}.Release|Any CPU.ActiveCfg = Release|Any CPU
		{376DE42D-A1B1-4C76-B9D4-DD3537A32733}.Release|Any CPU.Build.0 = Release|Any CPU
		{E3D10A1A-F70B-4CD1-BA7A-AF82D6E72440}.Debug|Any CPU.ActiveCfg = Debug|Any CPU
		{E3D10A1A-F70B-4CD1-BA7A-AF82D6E72440}.Debug|Any CPU.Build.0 = Debug|Any CPU
		{E3D10A1A-F70B-4CD1-BA7A-AF82D6E72440}.Release|Any CPU.ActiveCfg = Release|Any CPU
		{E3D10A1A-F70B-4CD1-BA7A-AF82D6E72440}.Release|Any CPU.Build.0 = Release|Any CPU
		{39B293F5-C45A-4347-9CFC-61DC1EFA4FD9}.Debug|Any CPU.ActiveCfg = Debug|Any CPU
		{39B293F5-C45A-4347-9CFC-61DC1EFA4FD9}.Debug|Any CPU.Build.0 = Debug|Any CPU
		{39B293F5-C45A-4347-9CFC-61DC1EFA4FD9}.Release|Any CPU.ActiveCfg = Release|Any CPU
		{39B293F5-C45A-4347-9CFC-61DC1EFA4FD9}.Release|Any CPU.Build.0 = Release|Any CPU
		{3DB9EAE6-A80D-44B0-B2E5-D4192AF6981C}.Debug|Any CPU.ActiveCfg = Debug|Any CPU
		{3DB9EAE6-A80D-44B0-B2E5-D4192AF6981C}.Debug|Any CPU.Build.0 = Debug|Any CPU
		{3DB9EAE6-A80D-44B0-B2E5-D4192AF6981C}.Release|Any CPU.ActiveCfg = Release|Any CPU
		{3DB9EAE6-A80D-44B0-B2E5-D4192AF6981C}.Release|Any CPU.Build.0 = Release|Any CPU
		{6902D508-2C14-4752-BEFA-E2B796093628}.Debug|Any CPU.ActiveCfg = Debug|Any CPU
		{6902D508-2C14-4752-BEFA-E2B796093628}.Debug|Any CPU.Build.0 = Debug|Any CPU
		{6902D508-2C14-4752-BEFA-E2B796093628}.Release|Any CPU.ActiveCfg = Release|Any CPU
		{6902D508-2C14-4752-BEFA-E2B796093628}.Release|Any CPU.Build.0 = Release|Any CPU
		{35C0FB41-4930-480B-B020-9B856AE824CF}.Debug|Any CPU.ActiveCfg = Debug|Any CPU
		{35C0FB41-4930-480B-B020-9B856AE824CF}.Debug|Any CPU.Build.0 = Debug|Any CPU
		{35C0FB41-4930-480B-B020-9B856AE824CF}.Release|Any CPU.ActiveCfg = Release|Any CPU
		{35C0FB41-4930-480B-B020-9B856AE824CF}.Release|Any CPU.Build.0 = Release|Any CPU
		{D3541778-C104-4716-9A8E-27D9CD152DED}.Debug|Any CPU.ActiveCfg = Debug|Any CPU
		{D3541778-C104-4716-9A8E-27D9CD152DED}.Debug|Any CPU.Build.0 = Debug|Any CPU
		{D3541778-C104-4716-9A8E-27D9CD152DED}.Release|Any CPU.ActiveCfg = Release|Any CPU
		{D3541778-C104-4716-9A8E-27D9CD152DED}.Release|Any CPU.Build.0 = Release|Any CPU
		{10911428-5126-4423-88CD-93C6ACB666FB}.Debug|Any CPU.ActiveCfg = Debug|Any CPU
		{10911428-5126-4423-88CD-93C6ACB666FB}.Debug|Any CPU.Build.0 = Debug|Any CPU
		{10911428-5126-4423-88CD-93C6ACB666FB}.Release|Any CPU.ActiveCfg = Release|Any CPU
		{10911428-5126-4423-88CD-93C6ACB666FB}.Release|Any CPU.Build.0 = Release|Any CPU
		{B824E3A8-9680-4741-AB67-E0211F69FBC9}.Debug|Any CPU.ActiveCfg = Debug|Any CPU
		{B824E3A8-9680-4741-AB67-E0211F69FBC9}.Debug|Any CPU.Build.0 = Debug|Any CPU
		{B824E3A8-9680-4741-AB67-E0211F69FBC9}.Release|Any CPU.ActiveCfg = Release|Any CPU
		{B824E3A8-9680-4741-AB67-E0211F69FBC9}.Release|Any CPU.Build.0 = Release|Any CPU
		{F299ABDE-9035-4AED-B859-401514CD1E65}.Debug|Any CPU.ActiveCfg = Debug|Any CPU
		{F299ABDE-9035-4AED-B859-401514CD1E65}.Debug|Any CPU.Build.0 = Debug|Any CPU
		{F299ABDE-9035-4AED-B859-401514CD1E65}.Release|Any CPU.ActiveCfg = Release|Any CPU
		{F299ABDE-9035-4AED-B859-401514CD1E65}.Release|Any CPU.Build.0 = Release|Any CPU
		{0CD2E45A-B2E5-4B60-9E7C-85B3CF40A40A}.Debug|Any CPU.ActiveCfg = Debug|Any CPU
		{0CD2E45A-B2E5-4B60-9E7C-85B3CF40A40A}.Debug|Any CPU.Build.0 = Debug|Any CPU
		{0CD2E45A-B2E5-4B60-9E7C-85B3CF40A40A}.Release|Any CPU.ActiveCfg = Release|Any CPU
		{0CD2E45A-B2E5-4B60-9E7C-85B3CF40A40A}.Release|Any CPU.Build.0 = Release|Any CPU
		{27CC8F83-6285-445A-9BAF-DDBBD6826035}.Debug|Any CPU.ActiveCfg = Debug|Any CPU
		{27CC8F83-6285-445A-9BAF-DDBBD6826035}.Debug|Any CPU.Build.0 = Debug|Any CPU
		{27CC8F83-6285-445A-9BAF-DDBBD6826035}.Release|Any CPU.ActiveCfg = Release|Any CPU
		{27CC8F83-6285-445A-9BAF-DDBBD6826035}.Release|Any CPU.Build.0 = Release|Any CPU
		{568DC9D0-D3DB-4807-A3FF-665DEC050EF0}.Debug|Any CPU.ActiveCfg = Debug|Any CPU
		{568DC9D0-D3DB-4807-A3FF-665DEC050EF0}.Debug|Any CPU.Build.0 = Debug|Any CPU
		{568DC9D0-D3DB-4807-A3FF-665DEC050EF0}.Release|Any CPU.ActiveCfg = Release|Any CPU
		{568DC9D0-D3DB-4807-A3FF-665DEC050EF0}.Release|Any CPU.Build.0 = Release|Any CPU
	EndGlobalSection
	GlobalSection(SolutionProperties) = preSolution
		HideSolutionNode = FALSE
	EndGlobalSection
	GlobalSection(NestedProjects) = preSolution
		{4960CE8D-BF55-4D6A-96D6-716CC6DF8975} = {2EE01947-02F8-49F9-8790-4F33EC874CDB}
		{6F8A7CB4-DCA4-4BFE-9E9D-A6A8073058AC} = {2FD1FCA0-509D-42EF-970C-C77ECFDB6ED3}
		{5CEFF0FA-5E47-4E9B-BD5B-3D7815B30F58} = {2FD1FCA0-509D-42EF-970C-C77ECFDB6ED3}
		{EDDC18C4-FA46-490D-A7AB-37118F2E3CE8} = {2FD1FCA0-509D-42EF-970C-C77ECFDB6ED3}
		{2FD1FCA0-509D-42EF-970C-C77ECFDB6ED3} = {2EE01947-02F8-49F9-8790-4F33EC874CDB}
		{D66EB3A3-2E01-4831-A65D-48EA010A28F0} = {4960CE8D-BF55-4D6A-96D6-716CC6DF8975}
		{B0E2EFFA-1EA1-497F-B863-165B19B08274} = {4960CE8D-BF55-4D6A-96D6-716CC6DF8975}
		{B42EF6BE-BB76-4B5F-951E-B89025FB7DF2} = {4960CE8D-BF55-4D6A-96D6-716CC6DF8975}
		{CFF74466-CE57-438B-AE70-62B6EED06178} = {4960CE8D-BF55-4D6A-96D6-716CC6DF8975}
		{AAB1E019-FB46-43FB-B3B3-7E5D72D12AA4} = {4960CE8D-BF55-4D6A-96D6-716CC6DF8975}
		{FA1DC613-7ACE-46AD-9576-C6BC0460C8B0} = {4960CE8D-BF55-4D6A-96D6-716CC6DF8975}
		{4A0EA8FF-8070-47C4-BEFE-A86E68DD5700} = {4960CE8D-BF55-4D6A-96D6-716CC6DF8975}
		{22BE3B4C-803E-415D-8A71-820E61F33415} = {4960CE8D-BF55-4D6A-96D6-716CC6DF8975}
		{386C533E-D35B-4C40-9597-C552F67C168D} = {4960CE8D-BF55-4D6A-96D6-716CC6DF8975}
		{219F1B8E-1787-45D5-85C3-CBB39BAEE659} = {4960CE8D-BF55-4D6A-96D6-716CC6DF8975}
		{51FAAE03-AD42-4D62-B256-1C15CF8E155F} = {4960CE8D-BF55-4D6A-96D6-716CC6DF8975}
		{FB912AAB-1264-4601-8B11-5A06F79C7EF2} = {4960CE8D-BF55-4D6A-96D6-716CC6DF8975}
		{F838FBCF-A9EB-42D6-A541-9D05CD3206A5} = {4960CE8D-BF55-4D6A-96D6-716CC6DF8975}
		{8FDB3E05-6906-4B1A-A32C-79777642FD40} = {4960CE8D-BF55-4D6A-96D6-716CC6DF8975}
		{57E7E6E1-512A-43F9-9141-F3F296EC52F0} = {4960CE8D-BF55-4D6A-96D6-716CC6DF8975}
		{9A318BB4-55B3-4702-9F65-0C4FE7438962} = {4960CE8D-BF55-4D6A-96D6-716CC6DF8975}
		{CBAC8FFB-DD90-4B75-9614-6747283C2D86} = {4960CE8D-BF55-4D6A-96D6-716CC6DF8975}
		{41F7DD3B-636D-49E1-9A8E-0B9009F4E161} = {4960CE8D-BF55-4D6A-96D6-716CC6DF8975}
		{B2AD0243-605C-4D1D-BDB5-CA4FFDE568F7} = {4960CE8D-BF55-4D6A-96D6-716CC6DF8975}
		{3E3933C1-4EE8-4903-A1F0-E663FD89077B} = {4960CE8D-BF55-4D6A-96D6-716CC6DF8975}
		{2108142B-863F-4B89-B5BF-A1C690DC2CAB} = {4960CE8D-BF55-4D6A-96D6-716CC6DF8975}
		{351BB7DF-649E-4972-9E42-FF491763B817} = {4960CE8D-BF55-4D6A-96D6-716CC6DF8975}
		{0409932A-0B85-4DBB-8C66-7DD202EEA107} = {4960CE8D-BF55-4D6A-96D6-716CC6DF8975}
		{76B7955E-672D-49BE-B7BD-26C1D84FFBE2} = {4960CE8D-BF55-4D6A-96D6-716CC6DF8975}
		{7B3611D4-E0B6-4452-99BF-45196BE968C8} = {4960CE8D-BF55-4D6A-96D6-716CC6DF8975}
		{C239B9FF-C016-4FF0-959D-89F1D3FC18F2} = {4960CE8D-BF55-4D6A-96D6-716CC6DF8975}
		{A213B51E-9DBF-4DCB-8646-B795E923679B} = {4960CE8D-BF55-4D6A-96D6-716CC6DF8975}
		{6B491E78-31F0-449F-B90A-7102773E43D9} = {4960CE8D-BF55-4D6A-96D6-716CC6DF8975}
		{C96253BF-6E3F-416C-AB13-1144D2769243} = {4960CE8D-BF55-4D6A-96D6-716CC6DF8975}
		{97F096E2-EE19-43FB-8E50-E08107151765} = {4960CE8D-BF55-4D6A-96D6-716CC6DF8975}
		{9FF1A1D8-FA2A-4A2E-BBB7-1A9DFD0DB1F9} = {4960CE8D-BF55-4D6A-96D6-716CC6DF8975}
		{CAC7369C-B008-405C-8097-13A3034ACB8E} = {4960CE8D-BF55-4D6A-96D6-716CC6DF8975}
		{F8E6FBC3-2EA0-4512-9B4B-7E8F309271EC} = {4960CE8D-BF55-4D6A-96D6-716CC6DF8975}
		{872A4DDB-659A-47DB-8774-C72626C85627} = {4960CE8D-BF55-4D6A-96D6-716CC6DF8975}
		{47F95A43-B464-4659-8CA5-DD4F5DCE89CE} = {4960CE8D-BF55-4D6A-96D6-716CC6DF8975}
		{A631E936-A842-4260-BDAB-F55893CFE3A2} = {4960CE8D-BF55-4D6A-96D6-716CC6DF8975}
		{0180F251-5476-487E-8127-AF0213281539} = {4960CE8D-BF55-4D6A-96D6-716CC6DF8975}
		{6C06E3C3-B67E-416E-BF6A-F6FB9AE54733} = {64BA46CA-FD5F-408D-9872-E87C37072ACD}
		{F19DD50E-CE12-4680-96C7-FCE1DAA35CE2} = {64BA46CA-FD5F-408D-9872-E87C37072ACD}
		{D287EC74-5ED3-43A8-805A-25D033843C4B} = {6C06E3C3-B67E-416E-BF6A-F6FB9AE54733}
		{715B976D-E8DB-4D73-8527-F886926AFF17} = {F19DD50E-CE12-4680-96C7-FCE1DAA35CE2}
		{F13C089D-7A38-4C9E-8631-9836F325DEC4} = {F19DD50E-CE12-4680-96C7-FCE1DAA35CE2}
		{BCB66948-FE3E-4B54-9FDE-B94C101ECE4E} = {F19DD50E-CE12-4680-96C7-FCE1DAA35CE2}
		{726D5B42-4090-4C37-A8D1-921259B8AF0D} = {E44DA482-3C77-40EC-B58F-E02A80FFA39F}
		{BAFA2CC5-A8F6-44B6-B385-DC0A9B38DDA5} = {6C06E3C3-B67E-416E-BF6A-F6FB9AE54733}
		{A16DBDC6-E2CF-4094-B0DD-0F1F503261E8} = {6C06E3C3-B67E-416E-BF6A-F6FB9AE54733}
		{86D60E39-6619-4F07-BB25-B3691D0EEB86} = {6C06E3C3-B67E-416E-BF6A-F6FB9AE54733}
		{CDE6B051-BF12-4BA1-AB3C-F5AC18FAF0D8} = {6C06E3C3-B67E-416E-BF6A-F6FB9AE54733}
		{5DD4FD9D-D647-4E0C-AB18-52BD60C5444C} = {6C06E3C3-B67E-416E-BF6A-F6FB9AE54733}
		{03120647-0D10-4DF3-B4E8-8AD43EDB37D4} = {6C06E3C3-B67E-416E-BF6A-F6FB9AE54733}
		{376DE42D-A1B1-4C76-B9D4-DD3537A32733} = {F19DD50E-CE12-4680-96C7-FCE1DAA35CE2}
		{E3D10A1A-F70B-4CD1-BA7A-AF82D6E72440} = {F19DD50E-CE12-4680-96C7-FCE1DAA35CE2}
		{39B293F5-C45A-4347-9CFC-61DC1EFA4FD9} = {6C06E3C3-B67E-416E-BF6A-F6FB9AE54733}
		{3DB9EAE6-A80D-44B0-B2E5-D4192AF6981C} = {6C06E3C3-B67E-416E-BF6A-F6FB9AE54733}
		{6902D508-2C14-4752-BEFA-E2B796093628} = {F19DD50E-CE12-4680-96C7-FCE1DAA35CE2}
		{721D06BD-9C53-4C93-87B7-9BABEB15A717} = {88EB449E-8295-4BCB-ADA3-2AE540D95D75}
		{88EB449E-8295-4BCB-ADA3-2AE540D95D75} = {49C41B19-EB9B-4D4A-802C-291963DE7016}
		{76A0812A-619F-4670-87DC-8A26B2ECF586} = {49C41B19-EB9B-4D4A-802C-291963DE7016}
		{D4E977C8-C3F8-4B7C-9F7F-DFDD91FC9337} = {76A0812A-619F-4670-87DC-8A26B2ECF586}
		{F690A27E-0648-47E3-A916-4FD245AE7202} = {76A0812A-619F-4670-87DC-8A26B2ECF586}
		{252C0940-1261-454D-BA16-957A032FD1DF} = {FD75DAB4-9D47-49BD-A431-BF147A2F290A}
		{F17F7AAF-389F-410A-B91C-E81A46855B7B} = {FD75DAB4-9D47-49BD-A431-BF147A2F290A}
		{35C0FB41-4930-480B-B020-9B856AE824CF} = {252C0940-1261-454D-BA16-957A032FD1DF}
		{D3541778-C104-4716-9A8E-27D9CD152DED} = {F17F7AAF-389F-410A-B91C-E81A46855B7B}
		{10911428-5126-4423-88CD-93C6ACB666FB} = {F17F7AAF-389F-410A-B91C-E81A46855B7B}
		{B824E3A8-9680-4741-AB67-E0211F69FBC9} = {E44DA482-3C77-40EC-B58F-E02A80FFA39F}
		{1B502808-8660-4343-B793-8479E66C1F31} = {59807470-D7AB-4C11-9A4F-7A71E33817CC}
		{93CAE306-33F5-482F-BE26-CB093EE3B4B2} = {59807470-D7AB-4C11-9A4F-7A71E33817CC}
		{F299ABDE-9035-4AED-B859-401514CD1E65} = {1B502808-8660-4343-B793-8479E66C1F31}
		{0CD2E45A-B2E5-4B60-9E7C-85B3CF40A40A} = {93CAE306-33F5-482F-BE26-CB093EE3B4B2}
		{27CC8F83-6285-445A-9BAF-DDBBD6826035} = {F17F7AAF-389F-410A-B91C-E81A46855B7B}
		{568DC9D0-D3DB-4807-A3FF-665DEC050EF0} = {F17F7AAF-389F-410A-B91C-E81A46855B7B}
	EndGlobalSection
	GlobalSection(ExtensibilityGlobals) = postSolution
		SolutionGuid = {CE265D09-D004-47CD-BBC9-742B2F624785}
	EndGlobalSection
EndGlobal
