
Microsoft Visual Studio Solution File, Format Version 12.00
# Visual Studio Version 17
VisualStudioVersion = 17.3.32811.315
MinimumVisualStudioVersion = 10.0.40219.1
Project("{2150E333-8FDC-42A3-9474-1A3956D46DE8}") = "Cours", "Cours", "{F461BE12-5B2A-4490-B64F-7EEE87E6E863}"
EndProject
Project("{2150E333-8FDC-42A3-9474-1A3956D46DE8}") = "Exercices", "Exercices", "{88C9073B-638A-4DDF-B499-2503A730DC30}"
EndProject
Project("{9A19103F-16F7-4668-BE54-9A1E7A4F7556}") = "CoursWPF", "FormationWPF\Cours\CoursWPF\CoursWPF.csproj", "{878D0FD9-A678-4680-9A0D-C348D729843C}"
EndProject
Project("{9A19103F-16F7-4668-BE54-9A1E7A4F7556}") = "IHMAnnuaireWPF", "FormationWPF\Exercices\IHMAnnuaireWPF\IHMAnnuaireWPF.csproj", "{BE1B5ABA-20F5-48B6-9843-DC29048F647D}"
EndProject
Project("{2150E333-8FDC-42A3-9474-1A3956D46DE8}") = "Ex1-NombreMystère", "Ex1-NombreMystère", "{0353715A-7F70-4BC3-B465-F120CA7F7675}"
EndProject
Project("{9A19103F-16F7-4668-BE54-9A1E7A4F7556}") = "Ex1-NombreMystere", "Exercices\Ex1-NombreMystere\Ex1-NombreMystere\Ex1-NombreMystere.csproj", "{EFE7F80E-924F-4E22-859E-0E18E853B3AA}"
EndProject
Project("{2150E333-8FDC-42A3-9474-1A3956D46DE8}") = "Ex2-LePendu", "Ex2-LePendu", "{F015B892-9A51-41B0-BBA6-52FCEF9D238C}"
EndProject
Project("{9A19103F-16F7-4668-BE54-9A1E7A4F7556}") = "Ex2-LePendu", "Exercices\Ex2-LePendu\Ex2-LePendu\Ex2-LePendu.csproj", "{063DE8B3-2A9E-4F16-9FDF-1DA59B22A250}"
EndProject
Project("{2150E333-8FDC-42A3-9474-1A3956D46DE8}") = "Ex3-ListeContacts", "Ex3-ListeContacts", "{7CC5A7FD-29EA-405F-9BF8-DC95BBCA9402}"
EndProject
Project("{FAE04EC0-301F-11D3-BF4B-00C04F79EFBC}") = "Ex3-ListeContacts", "Exercices\Ex3-ListeContacts\Ex3-ListeContacts\Ex3-ListeContacts.csproj", "{97EC97AC-7E9A-4C16-879C-BACCCF1574F4}"
EndProject
Global
	GlobalSection(SolutionConfigurationPlatforms) = preSolution
		Debug|Any CPU = Debug|Any CPU
		Release|Any CPU = Release|Any CPU
	EndGlobalSection
	GlobalSection(ProjectConfigurationPlatforms) = postSolution
		{878D0FD9-A678-4680-9A0D-C348D729843C}.Debug|Any CPU.ActiveCfg = Debug|Any CPU
		{878D0FD9-A678-4680-9A0D-C348D729843C}.Debug|Any CPU.Build.0 = Debug|Any CPU
		{878D0FD9-A678-4680-9A0D-C348D729843C}.Release|Any CPU.ActiveCfg = Release|Any CPU
		{878D0FD9-A678-4680-9A0D-C348D729843C}.Release|Any CPU.Build.0 = Release|Any CPU
		{BE1B5ABA-20F5-48B6-9843-DC29048F647D}.Debug|Any CPU.ActiveCfg = Debug|Any CPU
		{BE1B5ABA-20F5-48B6-9843-DC29048F647D}.Debug|Any CPU.Build.0 = Debug|Any CPU
		{BE1B5ABA-20F5-48B6-9843-DC29048F647D}.Release|Any CPU.ActiveCfg = Release|Any CPU
		{BE1B5ABA-20F5-48B6-9843-DC29048F647D}.Release|Any CPU.Build.0 = Release|Any CPU
		{EFE7F80E-924F-4E22-859E-0E18E853B3AA}.Debug|Any CPU.ActiveCfg = Debug|Any CPU
		{EFE7F80E-924F-4E22-859E-0E18E853B3AA}.Debug|Any CPU.Build.0 = Debug|Any CPU
		{EFE7F80E-924F-4E22-859E-0E18E853B3AA}.Release|Any CPU.ActiveCfg = Release|Any CPU
		{EFE7F80E-924F-4E22-859E-0E18E853B3AA}.Release|Any CPU.Build.0 = Release|Any CPU
		{063DE8B3-2A9E-4F16-9FDF-1DA59B22A250}.Debug|Any CPU.ActiveCfg = Debug|Any CPU
		{063DE8B3-2A9E-4F16-9FDF-1DA59B22A250}.Debug|Any CPU.Build.0 = Debug|Any CPU
		{063DE8B3-2A9E-4F16-9FDF-1DA59B22A250}.Release|Any CPU.ActiveCfg = Release|Any CPU
		{063DE8B3-2A9E-4F16-9FDF-1DA59B22A250}.Release|Any CPU.Build.0 = Release|Any CPU
		{97EC97AC-7E9A-4C16-879C-BACCCF1574F4}.Debug|Any CPU.ActiveCfg = Debug|Any CPU
		{97EC97AC-7E9A-4C16-879C-BACCCF1574F4}.Debug|Any CPU.Build.0 = Debug|Any CPU
		{97EC97AC-7E9A-4C16-879C-BACCCF1574F4}.Release|Any CPU.ActiveCfg = Release|Any CPU
		{97EC97AC-7E9A-4C16-879C-BACCCF1574F4}.Release|Any CPU.Build.0 = Release|Any CPU
	EndGlobalSection
	GlobalSection(SolutionProperties) = preSolution
		HideSolutionNode = FALSE
	EndGlobalSection
	GlobalSection(NestedProjects) = preSolution
		{878D0FD9-A678-4680-9A0D-C348D729843C} = {F461BE12-5B2A-4490-B64F-7EEE87E6E863}
		{BE1B5ABA-20F5-48B6-9843-DC29048F647D} = {88C9073B-638A-4DDF-B499-2503A730DC30}
		{0353715A-7F70-4BC3-B465-F120CA7F7675} = {88C9073B-638A-4DDF-B499-2503A730DC30}
		{EFE7F80E-924F-4E22-859E-0E18E853B3AA} = {0353715A-7F70-4BC3-B465-F120CA7F7675}
		{F015B892-9A51-41B0-BBA6-52FCEF9D238C} = {88C9073B-638A-4DDF-B499-2503A730DC30}
		{063DE8B3-2A9E-4F16-9FDF-1DA59B22A250} = {F015B892-9A51-41B0-BBA6-52FCEF9D238C}
		{7CC5A7FD-29EA-405F-9BF8-DC95BBCA9402} = {88C9073B-638A-4DDF-B499-2503A730DC30}
		{97EC97AC-7E9A-4C16-879C-BACCCF1574F4} = {7CC5A7FD-29EA-405F-9BF8-DC95BBCA9402}
	EndGlobalSection
	GlobalSection(ExtensibilityGlobals) = postSolution
		SolutionGuid = {76332C54-2EB3-42F7-9408-9598D0DA7EC0}
	EndGlobalSection
EndGlobal
